
Microsoft Visual Studio Solution File, Format Version 12.00
# Visual Studio Version 16
VisualStudioVersion = 16.0.30413.136
MinimumVisualStudioVersion = 10.0.40219.1
Project("{FAE04EC0-301F-11D3-BF4B-00C04F79EFBC}") = "capstone_1_pig_latin", "capstone_1_pig_latin\capstone_1_pig_latin.csproj", "{56DB075C-A0C7-48F0-9C9C-CEAD27ACB61E}"
EndProject
Global
	GlobalSection(SolutionConfigurationPlatforms) = preSolution
		Debug|Any CPU = Debug|Any CPU
		Release|Any CPU = Release|Any CPU
	EndGlobalSection
	GlobalSection(ProjectConfigurationPlatforms) = postSolution
		{56DB075C-A0C7-48F0-9C9C-CEAD27ACB61E}.Debug|Any CPU.ActiveCfg = Debug|Any CPU
		{56DB075C-A0C7-48F0-9C9C-CEAD27ACB61E}.Debug|Any CPU.Build.0 = Debug|Any CPU
		{56DB075C-A0C7-48F0-9C9C-CEAD27ACB61E}.Release|Any CPU.ActiveCfg = Release|Any CPU
		{56DB075C-A0C7-48F0-9C9C-CEAD27ACB61E}.Release|Any CPU.Build.0 = Release|Any CPU
	EndGlobalSection
	GlobalSection(SolutionProperties) = preSolution
		HideSolutionNode = FALSE
	EndGlobalSection
	GlobalSection(ExtensibilityGlobals) = postSolution
		SolutionGuid = {CEE2545A-8B5B-41EF-AA4E-DEAACE19AFC0}
	EndGlobalSection
EndGlobal
